
Microsoft Visual Studio Solution File, Format Version 12.00
# Visual Studio 15
VisualStudioVersion = 15.0.28307.329
MinimumVisualStudioVersion = 10.0.40219.1
Project("{FAE04EC0-301F-11D3-BF4B-00C04F79EFBC}") = "RH.View", "RH.View\RH.View.csproj", "{AFA75DE3-D6CC-4131-9A1F-D620946D286C}"
EndProject
Project("{FAE04EC0-301F-11D3-BF4B-00C04F79EFBC}") = "RH.Model", "RH.Model\RH.Model.csproj", "{D0A27542-8CC9-42EE-B7C5-FD95E508E836}"
EndProject
Project("{FAE04EC0-301F-11D3-BF4B-00C04F79EFBC}") = "RH.Control", "RH.Control\RH.Control.csproj", "{9ECBC5EE-BD25-45E1-B700-5AEC10AD4DCA}"
EndProject
Global
	GlobalSection(SolutionConfigurationPlatforms) = preSolution
		Debug|Any CPU = Debug|Any CPU
		Release|Any CPU = Release|Any CPU
	EndGlobalSection
	GlobalSection(ProjectConfigurationPlatforms) = postSolution
		{AFA75DE3-D6CC-4131-9A1F-D620946D286C}.Debug|Any CPU.ActiveCfg = Debug|Any CPU
		{AFA75DE3-D6CC-4131-9A1F-D620946D286C}.Debug|Any CPU.Build.0 = Debug|Any CPU
		{AFA75DE3-D6CC-4131-9A1F-D620946D286C}.Release|Any CPU.ActiveCfg = Release|Any CPU
		{AFA75DE3-D6CC-4131-9A1F-D620946D286C}.Release|Any CPU.Build.0 = Release|Any CPU
		{D0A27542-8CC9-42EE-B7C5-FD95E508E836}.Debug|Any CPU.ActiveCfg = Debug|Any CPU
		{D0A27542-8CC9-42EE-B7C5-FD95E508E836}.Debug|Any CPU.Build.0 = Debug|Any CPU
		{D0A27542-8CC9-42EE-B7C5-FD95E508E836}.Release|Any CPU.ActiveCfg = Release|Any CPU
		{D0A27542-8CC9-42EE-B7C5-FD95E508E836}.Release|Any CPU.Build.0 = Release|Any CPU
		{9ECBC5EE-BD25-45E1-B700-5AEC10AD4DCA}.Debug|Any CPU.ActiveCfg = Debug|Any CPU
		{9ECBC5EE-BD25-45E1-B700-5AEC10AD4DCA}.Debug|Any CPU.Build.0 = Debug|Any CPU
		{9ECBC5EE-BD25-45E1-B700-5AEC10AD4DCA}.Release|Any CPU.ActiveCfg = Release|Any CPU
		{9ECBC5EE-BD25-45E1-B700-5AEC10AD4DCA}.Release|Any CPU.Build.0 = Release|Any CPU
	EndGlobalSection
	GlobalSection(SolutionProperties) = preSolution
		HideSolutionNode = FALSE
	EndGlobalSection
	GlobalSection(ExtensibilityGlobals) = postSolution
		SolutionGuid = {DAA175B4-42E8-4E26-BA4A-D5D5B12B7524}
	EndGlobalSection
EndGlobal
